Microsoft Visual Studio Solution File, Format Version 12.00
# Visual Studio 2012
Project("{65C1A8D2-9171-BF70-D1A0-034FBC287264}") = "UnityNode", "Assembly-CSharp.csproj", "{97666C8C-12B7-7026-6FA8-8A416224332C}"
EndProject
Project("{65C1A8D2-9171-BF70-D1A0-034FBC287264}") = "UnityNode", "Assembly-CSharp-Editor.csproj", "{DDDE415C-FECF-E276-4420-5A4C1F221147}"
EndProject
Global
	GlobalSection(SolutionConfigurationPlatforms) = preSolution
		Debug|Any CPU = Debug|Any CPU
		Release|Any CPU = Release|Any CPU
	EndGlobalSection
	GlobalSection(ProjectConfigurationPlatforms) = postSolution
		{97666C8C-12B7-7026-6FA8-8A416224332C}.Debug|Any CPU.ActiveCfg = Debug|Any CPU
		{97666C8C-12B7-7026-6FA8-8A416224332C}.Debug|Any CPU.Build.0 = Debug|Any CPU
		{97666C8C-12B7-7026-6FA8-8A416224332C}.Release|Any CPU.ActiveCfg = Release|Any CPU
		{97666C8C-12B7-7026-6FA8-8A416224332C}.Release|Any CPU.Build.0 = Release|Any CPU
		{DDDE415C-FECF-E276-4420-5A4C1F221147}.Debug|Any CPU.ActiveCfg = Debug|Any CPU
		{DDDE415C-FECF-E276-4420-5A4C1F221147}.Debug|Any CPU.Build.0 = Debug|Any CPU
		{DDDE415C-FECF-E276-4420-5A4C1F221147}.Release|Any CPU.ActiveCfg = Release|Any CPU
		{DDDE415C-FECF-E276-4420-5A4C1F221147}.Release|Any CPU.Build.0 = Release|Any CPU
	EndGlobalSection
	GlobalSection(MonoDevelopProperties) = preSolution
		StartupItem = Assembly-CSharp.csproj
	EndGlobalSection
EndGlobal
