
Microsoft Visual Studio Solution File, Format Version 12.00
# Visual Studio 2015
Project("{FAE04EC0-301F-11D3-BF4B-00C04F79EFBC}") = "UnityNode", "UnityNode.csproj", "{AF9EE237-D4BE-D79B-8C67-01135FA0ABE4}"
EndProject
Project("{FAE04EC0-301F-11D3-BF4B-00C04F79EFBC}") = "UnityNode.Editor", "UnityNode.Editor.csproj", "{2917C3EB-0439-E21F-B67E-6587042235ED}"
EndProject
Global
	GlobalSection(SolutionConfigurationPlatforms) = preSolution
		Debug|Any CPU = Debug|Any CPU
		Release|Any CPU = Release|Any CPU
	EndGlobalSection
	GlobalSection(ProjectConfigurationPlatforms) = postSolution
		{AF9EE237-D4BE-D79B-8C67-01135FA0ABE4}.Debug|Any CPU.ActiveCfg = Debug|Any CPU
		{AF9EE237-D4BE-D79B-8C67-01135FA0ABE4}.Debug|Any CPU.Build.0 = Debug|Any CPU
		{AF9EE237-D4BE-D79B-8C67-01135FA0ABE4}.Release|Any CPU.ActiveCfg = Release|Any CPU
		{AF9EE237-D4BE-D79B-8C67-01135FA0ABE4}.Release|Any CPU.Build.0 = Release|Any CPU
		{2917C3EB-0439-E21F-B67E-6587042235ED}.Debug|Any CPU.ActiveCfg = Debug|Any CPU
		{2917C3EB-0439-E21F-B67E-6587042235ED}.Debug|Any CPU.Build.0 = Debug|Any CPU
		{2917C3EB-0439-E21F-B67E-6587042235ED}.Release|Any CPU.ActiveCfg = Release|Any CPU
		{2917C3EB-0439-E21F-B67E-6587042235ED}.Release|Any CPU.Build.0 = Release|Any CPU
	EndGlobalSection
	GlobalSection(SolutionProperties) = preSolution
		HideSolutionNode = FALSE
	EndGlobalSection
EndGlobal
